
Microsoft Visual Studio Solution File, Format Version 12.00
# Visual Studio Version 16
VisualStudioVersion = 16.0.29102.190
MinimumVisualStudioVersion = 10.0.40219.1
Project("{FAE04EC0-301F-11D3-BF4B-00C04F79EFBC}") = "Sick", "Sick\Sick.csproj", "{D97C9FEC-563F-43AA-9EE8-D3A3022B589E}"
EndProject
Project("{FAE04EC0-301F-11D3-BF4B-00C04F79EFBC}") = "SickTests", "SickTests\SickTests.csproj", "{D8C0A62F-0E25-4C5A-A6F7-BB88CE272886}"
EndProject
Project("{FAE04EC0-301F-11D3-BF4B-00C04F79EFBC}") = "SickService", "SickService\SickService.csproj", "{958FDCE6-C987-464E-AF45-D4096B04A71C}"
EndProject
Global
	GlobalSection(SolutionConfigurationPlatforms) = preSolution
		Debug|Any CPU = Debug|Any CPU
		Release|Any CPU = Release|Any CPU
	EndGlobalSection
	GlobalSection(ProjectConfigurationPlatforms) = postSolution
		{D97C9FEC-563F-43AA-9EE8-D3A3022B589E}.Debug|Any CPU.ActiveCfg = Debug|Any CPU
		{D97C9FEC-563F-43AA-9EE8-D3A3022B589E}.Debug|Any CPU.Build.0 = Debug|Any CPU
		{D97C9FEC-563F-43AA-9EE8-D3A3022B589E}.Release|Any CPU.ActiveCfg = Release|Any CPU
		{D97C9FEC-563F-43AA-9EE8-D3A3022B589E}.Release|Any CPU.Build.0 = Release|Any CPU
		{D8C0A62F-0E25-4C5A-A6F7-BB88CE272886}.Debug|Any CPU.ActiveCfg = Debug|Any CPU
		{D8C0A62F-0E25-4C5A-A6F7-BB88CE272886}.Debug|Any CPU.Build.0 = Debug|Any CPU
		{D8C0A62F-0E25-4C5A-A6F7-BB88CE272886}.Release|Any CPU.ActiveCfg = Release|Any CPU
		{D8C0A62F-0E25-4C5A-A6F7-BB88CE272886}.Release|Any CPU.Build.0 = Release|Any CPU
		{958FDCE6-C987-464E-AF45-D4096B04A71C}.Debug|Any CPU.ActiveCfg = Debug|Any CPU
		{958FDCE6-C987-464E-AF45-D4096B04A71C}.Debug|Any CPU.Build.0 = Debug|Any CPU
		{958FDCE6-C987-464E-AF45-D4096B04A71C}.Release|Any CPU.ActiveCfg = Release|Any CPU
		{958FDCE6-C987-464E-AF45-D4096B04A71C}.Release|Any CPU.Build.0 = Release|Any CPU
	EndGlobalSection
	GlobalSection(SolutionProperties) = preSolution
		HideSolutionNode = FALSE
	EndGlobalSection
	GlobalSection(ExtensibilityGlobals) = postSolution
		SolutionGuid = {029E73EF-A4B2-4238-9684-EE3BBAB46F7C}
	EndGlobalSection
	GlobalSection(Performance) = preSolution
		HasPerformanceSessions = true
	EndGlobalSection
	GlobalSection(Performance) = preSolution
		HasPerformanceSessions = true
	EndGlobalSection
	GlobalSection(Performance) = preSolution
		HasPerformanceSessions = true
	EndGlobalSection
EndGlobal
